RESTRICTION: || (== net472) (== netstandard2.0) (== netstandard2.1)
NUGET
  remote: https://api.nuget.org/v3/index.json
    FSharp.Core (6.0.7) - content: none
    NodaTime (3.3.1)
      System.Runtime.CompilerServices.Unsafe (>= 6.1.2)
    Optional (4.0)
    System.Reflection.Emit.ILGeneration (4.7)
    System.Reflection.Emit.Lightweight (4.7)
      System.Reflection.Emit.ILGeneration (>= 4.7) - restriction: || (&& (== net472) (< net45)) (&& (== net472) (< netstandard2.0) (>= wpa81)) (&& (== net472) (< portable-net45+wp8)) (&& (== net472) (>= uap10.1)) (== netstandard2.0) (&& (== netstandard2.1) (< netstandard2.0)) (&& (== netstandard2.1) (< portable-net45+wp8)) (&& (== netstandard2.1) (>= uap10.1))
    System.Runtime.CompilerServices.Unsafe (6.1.2)

GROUP Tests
STORAGE: NONE
RESTRICTION: || (== net10.0) (== net472)
NUGET
  remote: https://api.nuget.org/v3/index.json
    Azure.Core (1.53)
      Microsoft.Bcl.AsyncInterfaces (>= 10.0.3)
      Microsoft.Extensions.Configuration.Abstractions (>= 10.0.3)
      Microsoft.Extensions.Hosting.Abstractions (>= 10.0.3)
      Microsoft.Identity.Client (>= 4.83.1)
      Microsoft.Identity.Client.Extensions.Msal (>= 4.83.1)
      System.ClientModel (>= 1.10)
      System.Diagnostics.DiagnosticSource (>= 10.0.3) - restriction: || (&& (== net10.0) (>= net462)) (&& (== net10.0) (< net8.0)) (== net472)
      System.Memory (>= 4.6.3) - restriction: || (&& (== net10.0) (>= net462)) (&& (== net10.0) (< net8.0)) (== net472)
      System.Memory.Data (>= 10.0.3)
      System.Numerics.Vectors (>= 4.6.1) - restriction: || (&& (== net10.0) (>= net462)) (&& (== net10.0) (< net8.0)) (== net472)
      System.Text.Encodings.Web (>= 10.0.3) - restriction: || (&& (== net10.0) (>= net462)) (&& (== net10.0) (< net8.0)) (== net472)
      System.Text.Json (>= 10.0.3) - restriction: || (&& (== net10.0) (>= net462)) (&& (== net10.0) (< net8.0)) (== net472)
      System.Threading.Tasks.Extensions (>= 4.6.3) - restriction: || (&& (== net10.0) (>= net462)) (&& (== net10.0) (< net8.0)) (== net472)
    Azure.Monitor.OpenTelemetry.Exporter (1.7)
      Azure.Core (>= 1.52)
      OpenTelemetry.Extensions.Hosting (>= 1.15.1)
      OpenTelemetry.PersistentStorage.FileSystem (>= 1.0.2)
    FSharp.Core (6.0.7) - content: none
    FsUnit.xUnit (7.1.1)
      FSharp.Core (>= 5.0.2)
      NHamcrest (>= 4.0)
      xunit.v3 (>= 1.0)
    Microsoft.ApplicationInsights (3.1)
      Azure.Monitor.OpenTelemetry.Exporter (>= 1.7)
    Microsoft.Bcl.AsyncInterfaces (10.0.6)
      System.Threading.Tasks.Extensions (>= 4.6.3) - restriction: || (&& (== net10.0) (>= net462)) (&& (== net10.0) (< netstandard2.1)) (== net472)
    Microsoft.Extensions.Configuration (10.0.6)
      Microsoft.Extensions.Configuration.Abstractions (>= 10.0.6)
      Microsoft.Extensions.Primitives (>= 10.0.6)
    Microsoft.Extensions.Configuration.Abstractions (10.0.6)
      Microsoft.Extensions.Primitives (>= 10.0.6)
      System.ValueTuple (>= 4.6.2) - restriction: || (&& (== net10.0) (>= net462)) (== net472)
    Microsoft.Extensions.Configuration.Binder (10.0.6)
      Microsoft.Extensions.Configuration (>= 10.0.6)
      Microsoft.Extensions.Configuration.Abstractions (>= 10.0.6)
    Microsoft.Extensions.Configuration.FileExtensions (10.0.6)
      Microsoft.Extensions.Configuration (>= 10.0.6)
      Microsoft.Extensions.Configuration.Abstractions (>= 10.0.6)
      Microsoft.Extensions.FileProviders.Abstractions (>= 10.0.6)
      Microsoft.Extensions.FileProviders.Physical (>= 10.0.6)
      Microsoft.Extensions.Primitives (>= 10.0.6)
    Microsoft.Extensions.Configuration.Json (10.0.6)
      Microsoft.Extensions.Configuration (>= 10.0.6)
      Microsoft.Extensions.Configuration.Abstractions (>= 10.0.6)
      Microsoft.Extensions.Configuration.FileExtensions (>= 10.0.6)
      Microsoft.Extensions.FileProviders.Abstractions (>= 10.0.6)
      System.Text.Json (>= 10.0.6) - restriction: || (&& (== net10.0) (>= net462)) (&& (== net10.0) (< net8.0)) (&& (== net10.0) (< net9.0)) (&& (== net10.0) (< netstandard2.1)) (== net472)
    Microsoft.Extensions.DependencyInjection (10.0.6)
      Microsoft.Bcl.AsyncInterfaces (>= 10.0.6) - restriction: || (&& (== net10.0) (>= net462)) (&& (== net10.0) (< netstandard2.1)) (== net472)
      Microsoft.Extensions.DependencyInjection.Abstractions (>= 10.0.6)
      System.Threading.Tasks.Extensions (>= 4.6.3) - restriction: || (&& (== net10.0) (>= net462)) (&& (== net10.0) (< netstandard2.1)) (== net472)
    Microsoft.Extensions.DependencyInjection.Abstractions (10.0.6)
      Microsoft.Bcl.AsyncInterfaces (>= 10.0.6) - restriction: || (&& (== net10.0) (>= net462)) (&& (== net10.0) (< netstandard2.1)) (== net472)
      System.Threading.Tasks.Extensions (>= 4.6.3) - restriction: || (&& (== net10.0) (>= net462)) (&& (== net10.0) (< netstandard2.1)) (== net472)
    Microsoft.Extensions.Diagnostics.Abstractions (10.0.6)
      Microsoft.Extensions.DependencyInjection.Abstractions (>= 10.0.6)
      Microsoft.Extensions.Options (>= 10.0.6)
      System.Buffers (>= 4.6.1) - restriction: || (&& (== net10.0) (>= net462)) (&& (== net10.0) (< net8.0)) (== net472)
      System.Diagnostics.DiagnosticSource (>= 10.0.6) - restriction: || (&& (== net10.0) (>= net462)) (&& (== net10.0) (< net8.0)) (&& (== net10.0) (< net9.0)) (== net472)
      System.Memory (>= 4.6.3) - restriction: || (&& (== net10.0) (>= net462)) (&& (== net10.0) (< net8.0)) (== net472)
    Microsoft.Extensions.FileProviders.Abstractions (10.0.6)
      Microsoft.Extensions.Primitives (>= 10.0.6)
    Microsoft.Extensions.FileProviders.Physical (10.0.6)
      Microsoft.Extensions.FileProviders.Abstractions (>= 10.0.6)
      Microsoft.Extensions.FileSystemGlobbing (>= 10.0.6)
      Microsoft.Extensions.Primitives (>= 10.0.6)
    Microsoft.Extensions.FileSystemGlobbing (10.0.6)
    Microsoft.Extensions.Hosting.Abstractions (10.0.6)
      Microsoft.Bcl.AsyncInterfaces (>= 10.0.6) - restriction: || (&& (== net10.0) (>= net462)) (&& (== net10.0) (< netstandard2.1)) (== net472)
      Microsoft.Extensions.Configuration.Abstractions (>= 10.0.6)
      Microsoft.Extensions.DependencyInjection.Abstractions (>= 10.0.6)
      Microsoft.Extensions.Diagnostics.Abstractions (>= 10.0.6)
      Microsoft.Extensions.FileProviders.Abstractions (>= 10.0.6)
      Microsoft.Extensions.Logging.Abstractions (>= 10.0.6)
      System.Threading.Tasks.Extensions (>= 4.6.3) - restriction: || (&& (== net10.0) (>= net462)) (&& (== net10.0) (< netstandard2.1)) (== net472)
    Microsoft.Extensions.Logging (10.0.6)
      Microsoft.Bcl.AsyncInterfaces (>= 10.0.6) - restriction: || (&& (== net10.0) (>= net462)) (&& (== net10.0) (< netstandard2.1)) (== net472)
      Microsoft.Extensions.DependencyInjection (>= 10.0.6)
      Microsoft.Extensions.Logging.Abstractions (>= 10.0.6)
      Microsoft.Extensions.Options (>= 10.0.6)
      System.Diagnostics.DiagnosticSource (>= 10.0.6) - restriction: || (&& (== net10.0) (>= net462)) (&& (== net10.0) (< net8.0)) (&& (== net10.0) (< netstandard2.1)) (== net472)
      System.ValueTuple (>= 4.6.2) - restriction: || (&& (== net10.0) (>= net462)) (== net472)
    Microsoft.Extensions.Logging.Abstractions (10.0.6)
      Microsoft.Extensions.DependencyInjection.Abstractions (>= 10.0.6)
      System.Buffers (>= 4.6.1) - restriction: || (&& (== net10.0) (>= net462)) (&& (== net10.0) (< net8.0)) (== net472)
      System.Diagnostics.DiagnosticSource (>= 10.0.6) - restriction: || (&& (== net10.0) (>= net462)) (&& (== net10.0) (< net8.0)) (&& (== net10.0) (< net9.0)) (== net472)
      System.Memory (>= 4.6.3) - restriction: || (&& (== net10.0) (>= net462)) (&& (== net10.0) (< net8.0)) (== net472)
    Microsoft.Extensions.Logging.Configuration (10.0.6)
      Microsoft.Extensions.Configuration (>= 10.0.6)
      Microsoft.Extensions.Configuration.Abstractions (>= 10.0.6)
      Microsoft.Extensions.Configuration.Binder (>= 10.0.6)
      Microsoft.Extensions.DependencyInjection.Abstractions (>= 10.0.6)
      Microsoft.Extensions.Logging (>= 10.0.6)
      Microsoft.Extensions.Logging.Abstractions (>= 10.0.6)
      Microsoft.Extensions.Options (>= 10.0.6)
      Microsoft.Extensions.Options.ConfigurationExtensions (>= 10.0.6)
    Microsoft.Extensions.Options (10.0.6)
      Microsoft.Extensions.DependencyInjection.Abstractions (>= 10.0.6)
      Microsoft.Extensions.Primitives (>= 10.0.6)
      System.ValueTuple (>= 4.6.2) - restriction: || (&& (== net10.0) (>= net462)) (== net472)
    Microsoft.Extensions.Options.ConfigurationExtensions (10.0.6)
      Microsoft.Extensions.Configuration.Abstractions (>= 10.0.6)
      Microsoft.Extensions.Configuration.Binder (>= 10.0.6)
      Microsoft.Extensions.DependencyInjection.Abstractions (>= 10.0.6)
      Microsoft.Extensions.Options (>= 10.0.6)
      Microsoft.Extensions.Primitives (>= 10.0.6)
    Microsoft.Extensions.Primitives (10.0.6)
      System.Memory (>= 4.6.3) - restriction: || (&& (== net10.0) (>= net462)) (&& (== net10.0) (< net8.0)) (== net472)
      System.Runtime.CompilerServices.Unsafe (>= 6.1.2) - restriction: || (&& (== net10.0) (>= net462)) (&& (== net10.0) (< net8.0)) (== net472)
    Microsoft.Identity.Client (4.83.3)
      Microsoft.IdentityModel.Abstractions (>= 8.14)
      System.Diagnostics.DiagnosticSource (>= 6.0.1)
      System.Formats.Asn1 (>= 8.0.1) - restriction: || (&& (== net10.0) (>= net462)) (&& (== net10.0) (< net8.0)) (== net472)
      System.ValueTuple (>= 4.5)
    Microsoft.Identity.Client.Extensions.Msal (4.83.3)
      Microsoft.Identity.Client (>= 4.83.3)
      System.IO.FileSystem.AccessControl (>= 5.0) - restriction: || (&& (== net10.0) (< net8.0)) (== net472)
      System.Security.Cryptography.ProtectedData (>= 4.5)
    Microsoft.IdentityModel.Abstractions (8.17)
    Microsoft.Testing.Extensions.Telemetry (2.2.1)
      Microsoft.ApplicationInsights (>= 2.23)
      Microsoft.Testing.Platform (>= 2.2.1)
      System.Diagnostics.DiagnosticSource (>= 6.0) - restriction: || (&& (== net10.0) (< net8.0)) (== net472)
    Microsoft.Testing.Extensions.TrxReport.Abstractions (2.2.1)
      Microsoft.Testing.Platform (>= 2.2.1)
    Microsoft.Testing.Platform (2.2.1)
    Microsoft.Testing.Platform.MSBuild (2.2.1)
      Microsoft.Testing.Platform (>= 2.2.1)
    Microsoft.Win32.Registry (5.0)
      System.Security.AccessControl (>= 5.0)
      System.Security.Principal.Windows (>= 5.0)
    NHamcrest (4.0)
    NodaTime (3.3.1)
      System.Runtime.CompilerServices.Unsafe (>= 6.1.2) - restriction: || (&& (== net10.0) (< net8.0)) (== net472)
    OpenTelemetry (1.15.2)
      Microsoft.Extensions.Diagnostics.Abstractions (>= 10.0)
      Microsoft.Extensions.Logging.Configuration (>= 10.0)
      OpenTelemetry.Api.ProviderBuilderExtensions (>= 1.15.2)
    OpenTelemetry.Api (1.15.2)
      System.Diagnostics.DiagnosticSource (>= 10.0) - restriction: || (&& (== net10.0) (>= net462)) (&& (== net10.0) (< net8.0)) (&& (== net10.0) (< net9.0)) (== net472)
    OpenTelemetry.Api.ProviderBuilderExtensions (1.15.2)
      Microsoft.Extensions.DependencyInjection.Abstractions (>= 10.0)
      OpenTelemetry.Api (>= 1.15.2)
    OpenTelemetry.Extensions.Hosting (1.15.2)
      Microsoft.Extensions.Hosting.Abstractions (>= 10.0)
      OpenTelemetry (>= 1.15.2)
    OpenTelemetry.PersistentStorage.Abstractions (1.0.2)
    OpenTelemetry.PersistentStorage.FileSystem (1.0.2)
      OpenTelemetry.PersistentStorage.Abstractions (>= 1.0.2)
    Optional (4.0)
    System.Buffers (4.6.1) - restriction: || (&& (== net10.0) (>= net462)) (&& (== net10.0) (< net8.0)) (&& (== net10.0) (< netstandard2.1)) (== net472)
    System.ClientModel (1.10)
      Microsoft.Extensions.Configuration.Abstractions (>= 10.0.3)
      Microsoft.Extensions.Hosting.Abstractions (>= 10.0.3)
      Microsoft.Extensions.Logging.Abstractions (>= 10.0.3)
      System.Diagnostics.DiagnosticSource (>= 10.0.3) - restriction: || (&& (== net10.0) (< net8.0)) (&& (== net10.0) (< net9.0)) (== net472)
      System.Memory.Data (>= 10.0.3)
      System.Text.Json (>= 10.0.3) - restriction: || (&& (== net10.0) (< net8.0)) (&& (== net10.0) (< net9.0)) (== net472)
    System.Collections.Immutable (10.0.6) - restriction: || (&& (== net10.0) (< net8.0)) (== net472)
      System.Memory (>= 4.6.3) - restriction: || (&& (== net10.0) (>= net462)) (&& (== net10.0) (< net8.0)) (== net472)
      System.Runtime.CompilerServices.Unsafe (>= 6.1.2) - restriction: || (&& (== net10.0) (>= net462)) (&& (== net10.0) (< net8.0)) (== net472)
    System.Diagnostics.DiagnosticSource (10.0.6)
      System.Memory (>= 4.6.3) - restriction: || (&& (== net10.0) (>= net462)) (&& (== net10.0) (< net8.0)) (== net472)
      System.Runtime.CompilerServices.Unsafe (>= 6.1.2) - restriction: || (&& (== net10.0) (>= net462)) (&& (== net10.0) (< net8.0)) (== net472)
    System.Formats.Asn1 (10.0.6) - restriction: || (&& (== net10.0) (>= net462)) (&& (== net10.0) (< net8.0)) (== net472)
      System.Memory (>= 4.6.3) - restriction: || (&& (== net10.0) (>= net462)) (&& (== net10.0) (< net8.0)) (== net472)
      System.ValueTuple (>= 4.6.2) - restriction: || (&& (== net10.0) (>= net462)) (== net472)
    System.IO.FileSystem.AccessControl (5.0) - restriction: || (&& (== net10.0) (< net8.0)) (== net472)
      System.Security.AccessControl (>= 5.0)
      System.Security.Principal.Windows (>= 5.0)
    System.IO.Pipelines (10.0.6) - restriction: || (&& (== net10.0) (>= net462)) (&& (== net10.0) (< net8.0)) (&& (== net10.0) (< net9.0)) (&& (== net10.0) (< netstandard2.1)) (== net472)
      System.Buffers (>= 4.6.1) - restriction: || (&& (== net10.0) (>= net462)) (&& (== net10.0) (< net8.0)) (== net472)
      System.Memory (>= 4.6.3) - restriction: || (&& (== net10.0) (>= net462)) (&& (== net10.0) (< net8.0)) (== net472)
      System.Threading.Tasks.Extensions (>= 4.6.3) - restriction: || (&& (== net10.0) (>= net462)) (&& (== net10.0) (< net8.0)) (== net472)
    System.Memory (4.6.3) - restriction: || (&& (== net10.0) (>= net462)) (&& (== net10.0) (< net8.0)) (&& (== net10.0) (< netstandard2.1)) (== net472)
      System.Buffers (>= 4.6.1) - restriction: || (&& (== net10.0) (>= net462)) (&& (== net10.0) (< netcoreapp2.1) (< netstandard2.1)) (== net472)
      System.Numerics.Vectors (>= 4.6.1) - restriction: || (&& (== net10.0) (>= net462)) (&& (== net10.0) (< netcoreapp2.1) (< netstandard2.1)) (== net472)
      System.Runtime.CompilerServices.Unsafe (>= 6.1.2) - restriction: || (&& (== net10.0) (>= net462)) (&& (== net10.0) (< netcoreapp2.1) (< netstandard2.1)) (== net472)
    System.Memory.Data (10.0.6)
      System.Memory (>= 4.6.3) - restriction: || (&& (== net10.0) (>= net462)) (&& (== net10.0) (< net8.0)) (== net472)
      System.Text.Json (>= 10.0.6) - restriction: || (&& (== net10.0) (>= net462)) (&& (== net10.0) (< net8.0)) (&& (== net10.0) (< net9.0)) (== net472)
    System.Numerics.Vectors (4.6.1) - restriction: || (&& (== net10.0) (>= net462)) (&& (== net10.0) (< netcoreapp2.1) (< netstandard2.1)) (== net472)
    System.Reflection.Emit.ILGeneration (4.7)
    System.Reflection.Emit.Lightweight (4.7)
    System.Runtime.CompilerServices.Unsafe (6.1.2) - restriction: || (&& (== net10.0) (< net8.0)) (== net472)
    System.Security.AccessControl (6.0.1)
      System.Security.Principal.Windows (>= 5.0) - restriction: || (&& (== net10.0) (>= net461)) (&& (== net10.0) (< net6.0)) (== net472)
    System.Security.Cryptography.ProtectedData (10.0.6)
    System.Security.Principal.Windows (5.0)
    System.Text.Encodings.Web (10.0.6) - restriction: || (&& (== net10.0) (>= net462)) (&& (== net10.0) (< net8.0)) (&& (== net10.0) (< net9.0)) (&& (== net10.0) (< netstandard2.1)) (== net472)
      System.Buffers (>= 4.6.1) - restriction: || (&& (== net10.0) (>= net462)) (&& (== net10.0) (< net8.0)) (== net472)
      System.Memory (>= 4.6.3) - restriction: || (&& (== net10.0) (>= net462)) (&& (== net10.0) (< net8.0)) (== net472)
      System.Runtime.CompilerServices.Unsafe (>= 6.1.2) - restriction: || (&& (== net10.0) (>= net462)) (&& (== net10.0) (< net8.0)) (== net472)
    System.Text.Json (10.0.6) - restriction: || (&& (== net10.0) (>= net462)) (&& (== net10.0) (< net8.0)) (&& (== net10.0) (< net9.0)) (&& (== net10.0) (< netstandard2.1)) (== net472)
      Microsoft.Bcl.AsyncInterfaces (>= 10.0.6) - restriction: || (&& (== net10.0) (>= net462)) (&& (== net10.0) (< net8.0)) (== net472)
      System.Buffers (>= 4.6.1) - restriction: || (&& (== net10.0) (>= net462)) (&& (== net10.0) (< net8.0)) (== net472)
      System.IO.Pipelines (>= 10.0.6) - restriction: || (&& (== net10.0) (>= net462)) (&& (== net10.0) (< net8.0)) (&& (== net10.0) (< net9.0)) (== net472)
      System.Memory (>= 4.6.3) - restriction: || (&& (== net10.0) (>= net462)) (&& (== net10.0) (< net8.0)) (== net472)
      System.Runtime.CompilerServices.Unsafe (>= 6.1.2) - restriction: || (&& (== net10.0) (>= net462)) (&& (== net10.0) (< net8.0)) (== net472)
      System.Text.Encodings.Web (>= 10.0.6) - restriction: || (&& (== net10.0) (>= net462)) (&& (== net10.0) (< net8.0)) (&& (== net10.0) (< net9.0)) (== net472)
      System.Threading.Tasks.Extensions (>= 4.6.3) - restriction: || (&& (== net10.0) (>= net462)) (&& (== net10.0) (< net8.0)) (== net472)
      System.ValueTuple (>= 4.6.2) - restriction: || (&& (== net10.0) (>= net462)) (== net472)
    System.Threading.Tasks.Extensions (4.6.3) - restriction: || (&& (== net10.0) (>= net462)) (&& (== net10.0) (< net8.0)) (&& (== net10.0) (< netstandard2.1)) (== net472)
      System.Runtime.CompilerServices.Unsafe (>= 6.1.2) - restriction: || (&& (== net10.0) (>= net462)) (&& (== net10.0) (< netcoreapp2.1) (< netstandard2.1)) (== net472)
    System.ValueTuple (4.6.2)
    xunit.analyzers (1.27)
    xunit.v3 (3.2.2)
      xunit.v3.mtp-v1 (3.2.2)
    xunit.v3.assert (3.2.2)
      System.Collections.Immutable (>= 6.0) - restriction: || (&& (== net10.0) (< net8.0)) (== net472)
      System.Memory (>= 4.5.5) - restriction: || (&& (== net10.0) (< net8.0)) (== net472)
    xunit.v3.common (3.2.2)
      Microsoft.Bcl.AsyncInterfaces (>= 6.0)
    xunit.v3.core.mtp-v1 (3.2.2)
      Microsoft.Testing.Extensions.Telemetry (>= 1.9.1)
      Microsoft.Testing.Extensions.TrxReport.Abstractions (>= 1.9.1)
      Microsoft.Testing.Platform (>= 1.9.1)
      Microsoft.Testing.Platform.MSBuild (>= 1.9.1)
      xunit.v3.extensibility.core (3.2.2)
      xunit.v3.runner.inproc.console (3.2.2)
    xunit.v3.core.mtp-v2 (3.2.2)
      Microsoft.Testing.Extensions.Telemetry (>= 2.0.2)
      Microsoft.Testing.Extensions.TrxReport.Abstractions (>= 2.0.2)
      Microsoft.Testing.Platform (>= 2.0.2)
      Microsoft.Testing.Platform.MSBuild (>= 2.0.2)
      xunit.v3.extensibility.core (3.2.2)
      xunit.v3.runner.inproc.console (3.2.2)
    xunit.v3.extensibility.core (3.2.2)
      xunit.v3.common (3.2.2)
    xunit.v3.mtp-v1 (3.2.2)
      xunit.analyzers (>= 1.27)
      xunit.v3.assert (3.2.2)
      xunit.v3.core.mtp-v1 (3.2.2)
    xunit.v3.mtp-v2 (3.2.2)
      xunit.analyzers (>= 1.27)
      xunit.v3.assert (3.2.2)
      xunit.v3.core.mtp-v2 (3.2.2)
    xunit.v3.runner.common (3.2.2)
      Microsoft.Win32.Registry (5.0)
      xunit.v3.common (3.2.2)
    xunit.v3.runner.inproc.console (3.2.2)
      xunit.v3.extensibility.core (3.2.2)
      xunit.v3.runner.common (3.2.2)
